{
  "name": "wordleh",
  "version": "1.0.0",
  "lockfileVersion": 2,
  "requires": true,
  "packages": {
    "": {
      "version": "1.0.0",
      "license": "WTFPL",
      "dependencies": {
        "an-array-of-english-words": "^2.0.0"
      },
      "bin": {
        "wordleh": "index.mjs"
      }
    },
    "node_modules/an-array-of-english-words": {
      "version": "2.0.0",
      "resolved": "https://artifact.plaid.io/artifactory/api/npm/npm-all/an-array-of-english-words/-/an-array-of-english-words-2.0.0.tgz",
      "integrity": "sha1-LZ3mSSm4ZPHv9b1T3q0nX/GsDDI=",
      "license": "MIT",
      "bin": {
        "an-array-of-english-words": "cli.js",
        "words": "cli.js"
      }
    }
  },
  "dependencies": {
    "an-array-of-english-words": {
      "version": "2.0.0",
      "resolved": "https://artifact.plaid.io/artifactory/api/npm/npm-all/an-array-of-english-words/-/an-array-of-english-words-2.0.0.tgz",
      "integrity": "sha1-LZ3mSSm4ZPHv9b1T3q0nX/GsDDI="
    }
  }
}
